
Microsoft Visual Studio Solution File, Format Version 12.00
# Visual Studio Version 17
VisualStudioVersion = 17.7.34018.315
MinimumVisualStudioVersion = 10.0.40219.1
Project("{FAE04EC0-301F-11D3-BF4B-00C04F79EFBC}") = "Debuging Practice", "Debuging Practice\Debuging Practice.csproj", "{2551BFC2-879F-42D8-8933-8B260D7FEF3E}"
EndProject
Global
	GlobalSection(SolutionConfigurationPlatforms) = preSolution
		Debug|Any CPU = Debug|Any CPU
		Release|Any CPU = Release|Any CPU
	EndGlobalSection
	GlobalSection(ProjectConfigurationPlatforms) = postSolution
		{2551BFC2-879F-42D8-8933-8B260D7FEF3E}.Debug|Any CPU.ActiveCfg = Debug|Any CPU
		{2551BFC2-879F-42D8-8933-8B260D7FEF3E}.Debug|Any CPU.Build.0 = Debug|Any CPU
		{2551BFC2-879F-42D8-8933-8B260D7FEF3E}.Release|Any CPU.ActiveCfg = Release|Any CPU
		{2551BFC2-879F-42D8-8933-8B260D7FEF3E}.Release|Any CPU.Build.0 = Release|Any CPU
	EndGlobalSection
	GlobalSection(SolutionProperties) = preSolution
		HideSolutionNode = FALSE
	EndGlobalSection
	GlobalSection(ExtensibilityGlobals) = postSolution
		SolutionGuid = {F55C8EAD-5904-413A-8F01-FFEADB14DDA9}
	EndGlobalSection
EndGlobal
