
Microsoft Visual Studio Solution File, Format Version 12.00
# Visual Studio Version 17
VisualStudioVersion = 17.7.34018.315
MinimumVisualStudioVersion = 10.0.40219.1
Project("{FAE04EC0-301F-11D3-BF4B-00C04F79EFBC}") = "Enumerable", "Enumerable\Enumerable.csproj", "{3D9FA07E-5D57-4266-A393-A1AB721D51DD}"
EndProject
Global
	GlobalSection(SolutionConfigurationPlatforms) = preSolution
		Debug|Any CPU = Debug|Any CPU
		Release|Any CPU = Release|Any CPU
	EndGlobalSection
	GlobalSection(ProjectConfigurationPlatforms) = postSolution
		{3D9FA07E-5D57-4266-A393-A1AB721D51DD}.Debug|Any CPU.ActiveCfg = Debug|Any CPU
		{3D9FA07E-5D57-4266-A393-A1AB721D51DD}.Debug|Any CPU.Build.0 = Debug|Any CPU
		{3D9FA07E-5D57-4266-A393-A1AB721D51DD}.Release|Any CPU.ActiveCfg = Release|Any CPU
		{3D9FA07E-5D57-4266-A393-A1AB721D51DD}.Release|Any CPU.Build.0 = Release|Any CPU
	EndGlobalSection
	GlobalSection(SolutionProperties) = preSolution
		HideSolutionNode = FALSE
	EndGlobalSection
	GlobalSection(ExtensibilityGlobals) = postSolution
		SolutionGuid = {892E5A4E-D11D-4382-A3BB-9598D08B0CBF}
	EndGlobalSection
EndGlobal
